// !$*UTF8*$!
{
	archiveVersion = 1;
	classes = {
	};
	objectVersion = 56;
	objects = {

/* Begin PBXBuildFile section */
		8C5C1F372AE08B8C00E07398 /* AppDelegate.swift in Sources */ = {isa = PBXBuildFile; fileRef = 8C5C1F362AE08B8C00E07398 /* AppDelegate.swift */; };
		8C5C1F392AE08B8C00E07398 /* SceneDelegate.swift in Sources */ = {isa = PBXBuildFile; fileRef = 8C5C1F382AE08B8C00E07398 /* SceneDelegate.swift */; };
		8C5C1F3B2AE08B8C00E07398 /* AuthViewController.swift in Sources */ = {isa = PBXBuildFile; fileRef = 8C5C1F3A2AE08B8C00E07398 /* AuthViewController.swift */; };
		8C5C1F3E2AE08B8C00E07398 /* Main.storyboard in Resources */ = {isa = PBXBuildFile; fileRef = 8C5C1F3C2AE08B8C00E07398 /* Main.storyboard */; };
		8C5C1F402AE08B8E00E07398 /* Assets.xcassets in Resources */ = {isa = PBXBuildFile; fileRef = 8C5C1F3F2AE08B8E00E07398 /* Assets.xcassets */; };
		8C5C1F432AE08B8E00E07398 /* LaunchScreen.storyboard in Resources */ = {isa = PBXBuildFile; fileRef = 8C5C1F412AE08B8E00E07398 /* LaunchScreen.storyboard */; };
		8C5C1F4B2AE08C4E00E07398 /* GoogleService-Info.plist in Resources */ = {isa = PBXBuildFile; fileRef = 8C5C1F4A2AE08C4E00E07398 /* GoogleService-Info.plist */; };
		8C5C1F4E2AE08CDF00E07398 /* FirebaseAnalytics in Frameworks */ = {isa = PBXBuildFile; productRef = 8C5C1F4D2AE08CDF00E07398 /* FirebaseAnalytics */; };
		8C5C1F502AE098F400E07398 /* HomeViewController.swift in Sources */ = {isa = PBXBuildFile; fileRef = 8C5C1F4F2AE098F400E07398 /* HomeViewController.swift */; };
		8C5C1F522AE09CA100E07398 /* FirebaseAnalytics in Frameworks */ = {isa = PBXBuildFile; productRef = 8C5C1F512AE09CA100E07398 /* FirebaseAnalytics */; };
		8C5C1F542AE09CA100E07398 /* FirebaseAuth in Frameworks */ = {isa = PBXBuildFile; productRef = 8C5C1F532AE09CA100E07398 /* FirebaseAuth */; };
		8C5C1F562AE09CA100E07398 /* FirebaseFunctionsCombine-Community in Frameworks */ = {isa = PBXBuildFile; productRef = 8C5C1F552AE09CA100E07398 /* FirebaseFunctionsCombine-Community */; };
		8C5C1F582AE09CA100E07398 /* FirebaseInAppMessaging-Beta in Frameworks */ = {isa = PBXBuildFile; productRef = 8C5C1F572AE09CA100E07398 /* FirebaseInAppMessaging-Beta */; };
		8C5C1F5A2AE09CA100E07398 /* FirebaseInAppMessagingSwift-Beta in Frameworks */ = {isa = PBXBuildFile; productRef = 8C5C1F592AE09CA100E07398 /* FirebaseInAppMessagingSwift-Beta */; };
		8C5C1F5C2AE09CB300E07398 /* FirebaseAnalytics in Frameworks */ = {isa = PBXBuildFile; productRef = 8C5C1F5B2AE09CB300E07398 /* FirebaseAnalytics */; };
		8C5C1F5E2AE09CB300E07398 /* FirebaseAnalyticsOnDeviceConversion in Frameworks */ = {isa = PBXBuildFile; productRef = 8C5C1F5D2AE09CB300E07398 /* FirebaseAnalyticsOnDeviceConversion */; };
		8C5C1F602AE09CB300E07398 /* FirebaseAnalyticsSwift in Frameworks */ = {isa = PBXBuildFile; productRef = 8C5C1F5F2AE09CB300E07398 /* FirebaseAnalyticsSwift */; };
		8C5C1F622AE09CB300E07398 /* FirebaseAnalyticsWithoutAdIdSupport in Frameworks */ = {isa = PBXBuildFile; productRef = 8C5C1F612AE09CB300E07398 /* FirebaseAnalyticsWithoutAdIdSupport */; };
		8C5C1F642AE09CB300E07398 /* FirebaseAppCheck in Frameworks */ = {isa = PBXBuildFile; productRef = 8C5C1F632AE09CB300E07398 /* FirebaseAppCheck */; };
		8C5C1F662AE09CB300E07398 /* FirebaseAppDistribution-Beta in Frameworks */ = {isa = PBXBuildFile; productRef = 8C5C1F652AE09CB300E07398 /* FirebaseAppDistribution-Beta */; };
		8C5C1F682AE09CB300E07398 /* FirebaseAuth in Frameworks */ = {isa = PBXBuildFile; productRef = 8C5C1F672AE09CB300E07398 /* FirebaseAuth */; };
		8C5C1F6A2AE09CB300E07398 /* FirebaseAuthCombine-Community in Frameworks */ = {isa = PBXBuildFile; productRef = 8C5C1F692AE09CB300E07398 /* FirebaseAuthCombine-Community */; };
		8C5C1F6C2AE09CB300E07398 /* FirebaseCrashlytics in Frameworks */ = {isa = PBXBuildFile; productRef = 8C5C1F6B2AE09CB300E07398 /* FirebaseCrashlytics */; };
		8C5C1F6E2AE09CB300E07398 /* FirebaseDatabase in Frameworks */ = {isa = PBXBuildFile; productRef = 8C5C1F6D2AE09CB300E07398 /* FirebaseDatabase */; };
		8C5C1F702AE09CB300E07398 /* FirebaseDatabaseSwift in Frameworks */ = {isa = PBXBuildFile; productRef = 8C5C1F6F2AE09CB300E07398 /* FirebaseDatabaseSwift */; };
		8C5C1F722AE09CB300E07398 /* FirebaseDynamicLinks in Frameworks */ = {isa = PBXBuildFile; productRef = 8C5C1F712AE09CB300E07398 /* FirebaseDynamicLinks */; };
		8C5C1F742AE09CB300E07398 /* FirebaseFirestore in Frameworks */ = {isa = PBXBuildFile; productRef = 8C5C1F732AE09CB300E07398 /* FirebaseFirestore */; };
		8C5C1F762AE09CB300E07398 /* FirebaseFirestoreCombine-Community in Frameworks */ = {isa = PBXBuildFile; productRef = 8C5C1F752AE09CB300E07398 /* FirebaseFirestoreCombine-Community */; };
		8C5C1F782AE09CB300E07398 /* FirebaseFirestoreSwift in Frameworks */ = {isa = PBXBuildFile; productRef = 8C5C1F772AE09CB300E07398 /* FirebaseFirestoreSwift */; };
		8C5C1F7A2AE09CB300E07398 /* FirebaseFunctions in Frameworks */ = {isa = PBXBuildFile; productRef = 8C5C1F792AE09CB300E07398 /* FirebaseFunctions */; };
		8C5C1F7C2AE09CB300E07398 /* FirebaseFunctionsCombine-Community in Frameworks */ = {isa = PBXBuildFile; productRef = 8C5C1F7B2AE09CB300E07398 /* FirebaseFunctionsCombine-Community */; };
		8C5C1F7E2AE09CB300E07398 /* FirebaseInAppMessaging-Beta in Frameworks */ = {isa = PBXBuildFile; productRef = 8C5C1F7D2AE09CB300E07398 /* FirebaseInAppMessaging-Beta */; };
		8C5C1F802AE09CB300E07398 /* FirebaseInAppMessagingSwift-Beta in Frameworks */ = {isa = PBXBuildFile; productRef = 8C5C1F7F2AE09CB300E07398 /* FirebaseInAppMessagingSwift-Beta */; };
		8C5C1F822AE09CB300E07398 /* FirebaseInstallations in Frameworks */ = {isa = PBXBuildFile; productRef = 8C5C1F812AE09CB300E07398 /* FirebaseInstallations */; };
		8C5C1F842AE09CB300E07398 /* FirebaseMLModelDownloader in Frameworks */ = {isa = PBXBuildFile; productRef = 8C5C1F832AE09CB300E07398 /* FirebaseMLModelDownloader */; };
		8C5C1F862AE09CB300E07398 /* FirebaseMessaging in Frameworks */ = {isa = PBXBuildFile; productRef = 8C5C1F852AE09CB300E07398 /* FirebaseMessaging */; };
		8C5C1F882AE09CB300E07398 /* FirebasePerformance in Frameworks */ = {isa = PBXBuildFile; productRef = 8C5C1F872AE09CB300E07398 /* FirebasePerformance */; };
		8C5C1F8A2AE09CB300E07398 /* FirebaseRemoteConfig in Frameworks */ = {isa = PBXBuildFile; productRef = 8C5C1F892AE09CB300E07398 /* FirebaseRemoteConfig */; };
		8C5C1F8C2AE09CB300E07398 /* FirebaseRemoteConfigSwift in Frameworks */ = {isa = PBXBuildFile; productRef = 8C5C1F8B2AE09CB300E07398 /* FirebaseRemoteConfigSwift */; };
		8C5C1F8E2AE09CB300E07398 /* FirebaseStorage in Frameworks */ = {isa = PBXBuildFile; productRef = 8C5C1F8D2AE09CB300E07398 /* FirebaseStorage */; };
		8C5C1F902AE09CB300E07398 /* FirebaseStorageCombine-Community in Frameworks */ = {isa = PBXBuildFile; productRef = 8C5C1F8F2AE09CB300E07398 /* FirebaseStorageCombine-Community */; };
		8C5C1F922AE0A13900E07398 /* HomeViewController.xib in Resources */ = {isa = PBXBuildFile; fileRef = 8C5C1F912AE0A13900E07398 /* HomeViewController.xib */; };
/* End PBXBuildFile section */

/* Begin PBXFileReference section */
		8C5C1F332AE08B8C00E07398 /* FirebaseIOS.app */ = {isa = PBXFileReference; explicitFileType = wrapper.application; includeInIndex = 0; path = FirebaseIOS.app; sourceTree = BUILT_PRODUCTS_DIR; };
		8C5C1F362AE08B8C00E07398 /* AppDelegate.swift */ = {isa = PBXFileReference; lastKnownFileType = sourcecode.swift; path = AppDelegate.swift; sourceTree = "<group>"; };
		8C5C1F382AE08B8C00E07398 /* SceneDelegate.swift */ = {isa = PBXFileReference; lastKnownFileType = sourcecode.swift; path = SceneDelegate.swift; sourceTree = "<group>"; };
		8C5C1F3A2AE08B8C00E07398 /* AuthViewController.swift */ = {isa = PBXFileReference; lastKnownFileType = sourcecode.swift; path = AuthViewController.swift; sourceTree = "<group>"; };
		8C5C1F3D2AE08B8C00E07398 /* Base */ = {isa = PBXFileReference; lastKnownFileType = file.storyboard; name = Base; path = Base.lproj/Main.storyboard; sourceTree = "<group>"; };
		8C5C1F3F2AE08B8E00E07398 /* Assets.xcassets */ = {isa = PBXFileReference; lastKnownFileType = folder.assetcatalog; path = Assets.xcassets; sourceTree = "<group>"; };
		8C5C1F422AE08B8E00E07398 /* Base */ = {isa = PBXFileReference; lastKnownFileType = file.storyboard; name = Base; path = Base.lproj/LaunchScreen.storyboard; sourceTree = "<group>"; };
		8C5C1F442AE08B8E00E07398 /* Info.plist */ = {isa = PBXFileReference; lastKnownFileType = text.plist.xml; path = Info.plist; sourceTree = "<group>"; };
		8C5C1F4A2AE08C4E00E07398 /* GoogleService-Info.plist */ = {isa = PBXFileReference; fileEncoding = 4; lastKnownFileType = text.plist.xml; path = "GoogleService-Info.plist"; sourceTree = "<group>"; };
		8C5C1F4F2AE098F400E07398 /* HomeViewController.swift */ = {isa = PBXFileReference; lastKnownFileType = sourcecode.swift; path = HomeViewController.swift; sourceTree = "<group>"; };
		8C5C1F912AE0A13900E07398 /* HomeViewController.xib */ = {isa = PBXFileReference; lastKnownFileType = file.xib; path = HomeViewController.xib; sourceTree = "<group>"; };
/* End PBXFileReference section */

/* Begin PBXFrameworksBuildPhase section */
		8C5C1F302AE08B8C00E07398 /* Frameworks */ = {
			isa = PBXFrameworksBuildPhase;
			buildActionMask = 2147483647;
			files = (
				8C5C1F602AE09CB300E07398 /* FirebaseAnalyticsSwift in Frameworks */,
				8C5C1F622AE09CB300E07398 /* FirebaseAnalyticsWithoutAdIdSupport in Frameworks */,
				8C5C1F5C2AE09CB300E07398 /* FirebaseAnalytics in Frameworks */,
				8C5C1F522AE09CA100E07398 /* FirebaseAnalytics in Frameworks */,
				8C5C1F882AE09CB300E07398 /* FirebasePerformance in Frameworks */,
				8C5C1F8E2AE09CB300E07398 /* FirebaseStorage in Frameworks */,
				8C5C1F742AE09CB300E07398 /* FirebaseFirestore in Frameworks */,
				8C5C1F542AE09CA100E07398 /* FirebaseAuth in Frameworks */,
				8C5C1F7C2AE09CB300E07398 /* FirebaseFunctionsCombine-Community in Frameworks */,
				8C5C1F8C2AE09CB300E07398 /* FirebaseRemoteConfigSwift in Frameworks */,
				8C5C1F722AE09CB300E07398 /* FirebaseDynamicLinks in Frameworks */,
				8C5C1F8A2AE09CB300E07398 /* FirebaseRemoteConfig in Frameworks */,
				8C5C1F6A2AE09CB300E07398 /* FirebaseAuthCombine-Community in Frameworks */,
				8C5C1F6E2AE09CB300E07398 /* FirebaseDatabase in Frameworks */,
				8C5C1F7A2AE09CB300E07398 /* FirebaseFunctions in Frameworks */,
				8C5C1F7E2AE09CB300E07398 /* FirebaseInAppMessaging-Beta in Frameworks */,
				8C5C1F4E2AE08CDF00E07398 /* FirebaseAnalytics in Frameworks */,
				8C5C1F562AE09CA100E07398 /* FirebaseFunctionsCombine-Community in Frameworks */,
				8C5C1F5A2AE09CA100E07398 /* FirebaseInAppMessagingSwift-Beta in Frameworks */,
				8C5C1F822AE09CB300E07398 /* FirebaseInstallations in Frameworks */,
				8C5C1F862AE09CB300E07398 /* FirebaseMessaging in Frameworks */,
				8C5C1F582AE09CA100E07398 /* FirebaseInAppMessaging-Beta in Frameworks */,
				8C5C1F902AE09CB300E07398 /* FirebaseStorageCombine-Community in Frameworks */,
				8C5C1F762AE09CB300E07398 /* FirebaseFirestoreCombine-Community in Frameworks */,
				8C5C1F802AE09CB300E07398 /* FirebaseInAppMessagingSwift-Beta in Frameworks */,
				8C5C1F5E2AE09CB300E07398 /* FirebaseAnalyticsOnDeviceConversion in Frameworks */,
				8C5C1F682AE09CB300E07398 /* FirebaseAuth in Frameworks */,
				8C5C1F6C2AE09CB300E07398 /* FirebaseCrashlytics in Frameworks */,
				8C5C1F782AE09CB300E07398 /* FirebaseFirestoreSwift in Frameworks */,
				8C5C1F702AE09CB300E07398 /* FirebaseDatabaseSwift in Frameworks */,
				8C5C1F842AE09CB300E07398 /* FirebaseMLModelDownloader in Frameworks */,
				8C5C1F642AE09CB300E07398 /* FirebaseAppCheck in Frameworks */,
				8C5C1F662AE09CB300E07398 /* FirebaseAppDistribution-Beta in Frameworks */,
			);
			runOnlyForDeploymentPostprocessing = 0;
		};
/* End PBXFrameworksBuildPhase section */

/* Begin PBXGroup section */
		8C5C1F2A2AE08B8C00E07398 = {
			isa = PBXGroup;
			children = (
				8C5C1F352AE08B8C00E07398 /* FirebaseIOS */,
				8C5C1F342AE08B8C00E07398 /* Products */,
			);
			sourceTree = "<group>";
		};
		8C5C1F342AE08B8C00E07398 /* Products */ = {
			isa = PBXGroup;
			children = (
				8C5C1F332AE08B8C00E07398 /* FirebaseIOS.app */,
			);
			name = Products;
			sourceTree = "<group>";
		};
		8C5C1F352AE08B8C00E07398 /* FirebaseIOS */ = {
			isa = PBXGroup;
			children = (
				8C5C1F362AE08B8C00E07398 /* AppDelegate.swift */,
				8C5C1F382AE08B8C00E07398 /* SceneDelegate.swift */,
				8C5C1F3A2AE08B8C00E07398 /* AuthViewController.swift */,
				8C5C1F4F2AE098F400E07398 /* HomeViewController.swift */,
				8C5C1F3C2AE08B8C00E07398 /* Main.storyboard */,
				8C5C1F912AE0A13900E07398 /* HomeViewController.xib */,
				8C5C1F3F2AE08B8E00E07398 /* Assets.xcassets */,
				8C5C1F412AE08B8E00E07398 /* LaunchScreen.storyboard */,
				8C5C1F442AE08B8E00E07398 /* Info.plist */,
				8C5C1F4A2AE08C4E00E07398 /* GoogleService-Info.plist */,
			);
			path = FirebaseIOS;
			sourceTree = "<group>";
		};
/* End PBXGroup section */

/* Begin PBXNativeTarget section */
		8C5C1F322AE08B8C00E07398 /* FirebaseIOS */ = {
			isa = PBXNativeTarget;
			buildConfigurationList = 8C5C1F472AE08B8E00E07398 /* Build configuration list for PBXNativeTarget "FirebaseIOS" */;
			buildPhases = (
				8C5C1F2F2AE08B8C00E07398 /* Sources */,
				8C5C1F302AE08B8C00E07398 /* Frameworks */,
				8C5C1F312AE08B8C00E07398 /* Resources */,
			);
			buildRules = (
			);
			dependencies = (
			);
			name = FirebaseIOS;
			packageProductDependencies = (
				8C5C1F4D2AE08CDF00E07398 /* FirebaseAnalytics */,
				8C5C1F512AE09CA100E07398 /* FirebaseAnalytics */,
				8C5C1F532AE09CA100E07398 /* FirebaseAuth */,
				8C5C1F552AE09CA100E07398 /* FirebaseFunctionsCombine-Community */,
				8C5C1F572AE09CA100E07398 /* FirebaseInAppMessaging-Beta */,
				8C5C1F592AE09CA100E07398 /* FirebaseInAppMessagingSwift-Beta */,
				8C5C1F5B2AE09CB300E07398 /* FirebaseAnalytics */,
				8C5C1F5D2AE09CB300E07398 /* FirebaseAnalyticsOnDeviceConversion */,
				8C5C1F5F2AE09CB300E07398 /* FirebaseAnalyticsSwift */,
				8C5C1F612AE09CB300E07398 /* FirebaseAnalyticsWithoutAdIdSupport */,
				8C5C1F632AE09CB300E07398 /* FirebaseAppCheck */,
				8C5C1F652AE09CB300E07398 /* FirebaseAppDistribution-Beta */,
				8C5C1F672AE09CB300E07398 /* FirebaseAuth */,
				8C5C1F692AE09CB300E07398 /* FirebaseAuthCombine-Community */,
				8C5C1F6B2AE09CB300E07398 /* FirebaseCrashlytics */,
				8C5C1F6D2AE09CB300E07398 /* FirebaseDatabase */,
				8C5C1F6F2AE09CB300E07398 /* FirebaseDatabaseSwift */,
				8C5C1F712AE09CB300E07398 /* FirebaseDynamicLinks */,
				8C5C1F732AE09CB300E07398 /* FirebaseFirestore */,
				8C5C1F752AE09CB300E07398 /* FirebaseFirestoreCombine-Community */,
				8C5C1F772AE09CB300E07398 /* FirebaseFirestoreSwift */,
				8C5C1F792AE09CB300E07398 /* FirebaseFunctions */,
				8C5C1F7B2AE09CB300E07398 /* FirebaseFunctionsCombine-Community */,
				8C5C1F7D2AE09CB300E07398 /* FirebaseInAppMessaging-Beta */,
				8C5C1F7F2AE09CB300E07398 /* FirebaseInAppMessagingSwift-Beta */,
				8C5C1F812AE09CB300E07398 /* FirebaseInstallations */,
				8C5C1F832AE09CB300E07398 /* FirebaseMLModelDownloader */,
				8C5C1F852AE09CB300E07398 /* FirebaseMessaging */,
				8C5C1F872AE09CB300E07398 /* FirebasePerformance */,
				8C5C1F892AE09CB300E07398 /* FirebaseRemoteConfig */,
				8C5C1F8B2AE09CB300E07398 /* FirebaseRemoteConfigSwift */,
				8C5C1F8D2AE09CB300E07398 /* FirebaseStorage */,
				8C5C1F8F2AE09CB300E07398 /* FirebaseStorageCombine-Community */,
			);
			productName = FirebaseIOS;
			productReference = 8C5C1F332AE08B8C00E07398 /* FirebaseIOS.app */;
			productType = "com.apple.product-type.application";
		};
/* End PBXNativeTarget section */

/* Begin PBXProject section */
		8C5C1F2B2AE08B8C00E07398 /* Project object */ = {
			isa = PBXProject;
			attributes = {
				BuildIndependentTargetsInParallel = 1;
				LastSwiftUpdateCheck = 1500;
				LastUpgradeCheck = 1500;
				TargetAttributes = {
					8C5C1F322AE08B8C00E07398 = {
						CreatedOnToolsVersion = 15.0;
					};
				};
			};
			buildConfigurationList = 8C5C1F2E2AE08B8C00E07398 /* Build configuration list for PBXProject "FirebaseIOS" */;
			compatibilityVersion = "Xcode 14.0";
			developmentRegion = en;
			hasScannedForEncodings = 0;
			knownRegions = (
				en,
				Base,
			);
			mainGroup = 8C5C1F2A2AE08B8C00E07398;
			packageReferences = (
				8C5C1F4C2AE08CDF00E07398 /* XCRemoteSwiftPackageReference "firebase-ios-sdk" */,
			);
			productRefGroup = 8C5C1F342AE08B8C00E07398 /* Products */;
			projectDirPath = "";
			projectRoot = "";
			targets = (
				8C5C1F322AE08B8C00E07398 /* FirebaseIOS */,
			);
		};
/* End PBXProject section */

/* Begin PBXResourcesBuildPhase section */
		8C5C1F312AE08B8C00E07398 /* Resources */ = {
			isa = PBXResourcesBuildPhase;
			buildActionMask = 2147483647;
			files = (
				8C5C1F432AE08B8E00E07398 /* LaunchScreen.storyboard in Resources */,
				8C5C1F4B2AE08C4E00E07398 /* GoogleService-Info.plist in Resources */,
				8C5C1F922AE0A13900E07398 /* HomeViewController.xib in Resources */,
				8C5C1F402AE08B8E00E07398 /* Assets.xcassets in Resources */,
				8C5C1F3E2AE08B8C00E07398 /* Main.storyboard in Resources */,
			);
			runOnlyForDeploymentPostprocessing = 0;
		};
/* End PBXResourcesBuildPhase section */

/* Begin PBXSourcesBuildPhase section */
		8C5C1F2F2AE08B8C00E07398 /* Sources */ = {
			isa = PBXSourcesBuildPhase;
			buildActionMask = 2147483647;
			files = (
				8C5C1F3B2AE08B8C00E07398 /* AuthViewController.swift in Sources */,
				8C5C1F372AE08B8C00E07398 /* AppDelegate.swift in Sources */,
				8C5C1F392AE08B8C00E07398 /* SceneDelegate.swift in Sources */,
				8C5C1F502AE098F400E07398 /* HomeViewController.swift in Sources */,
			);
			runOnlyForDeploymentPostprocessing = 0;
		};
/* End PBXSourcesBuildPhase section */

/* Begin PBXVariantGroup section */
		8C5C1F3C2AE08B8C00E07398 /* Main.storyboard */ = {
			isa = PBXVariantGroup;
			children = (
				8C5C1F3D2AE08B8C00E07398 /* Base */,
			);
			name = Main.storyboard;
			sourceTree = "<group>";
		};
		8C5C1F412AE08B8E00E07398 /* LaunchScreen.storyboard */ = {
			isa = PBXVariantGroup;
			children = (
				8C5C1F422AE08B8E00E07398 /* Base */,
			);
			name = LaunchScreen.storyboard;
			sourceTree = "<group>";
		};
/* End PBXVariantGroup section */

/* Begin XCBuildConfiguration section */
		8C5C1F452AE08B8E00E07398 /* Debug */ = {
			isa = XCBuildConfiguration;
			buildSettings = {
				ALWAYS_SEARCH_USER_PATHS = NO;
				ASSETCATALOG_COMPILER_GENERATE_SWIFT_ASSET_SYMBOL_EXTENSIONS = YES;
				CLANG_ANALYZER_NONNULL = YES;
				CLANG_ANALYZER_NUMBER_OBJECT_CONVERSION = YES_AGGRESSIVE;
				CLANG_CXX_LANGUAGE_STANDARD = "gnu++20";
				CLANG_ENABLE_MODULES = YES;
				CLANG_ENABLE_OBJC_ARC = YES;
				CLANG_ENABLE_OBJC_WEAK = YES;
				CLANG_WARN_BLOCK_CAPTURE_AUTORELEASING = YES;
				CLANG_WARN_BOOL_CONVERSION = YES;
				CLANG_WARN_COMMA = YES;
				CLANG_WARN_CONSTANT_CONVERSION = YES;
				CLANG_WARN_DEPRECATED_OBJC_IMPLEMENTATIONS = YES;
				CLANG_WARN_DIRECT_OBJC_ISA_USAGE = YES_ERROR;
				CLANG_WARN_DOCUMENTATION_COMMENTS = YES;
				CLANG_WARN_EMPTY_BODY = YES;
				CLANG_WARN_ENUM_CONVERSION = YES;
				CLANG_WARN_INFINITE_RECURSION = YES;
				CLANG_WARN_INT_CONVERSION = YES;
				CLANG_WARN_NON_LITERAL_NULL_CONVERSION = YES;
				CLANG_WARN_OBJC_IMPLICIT_RETAIN_SELF = YES;
				CLANG_WARN_OBJC_LITERAL_CONVERSION = YES;
				CLANG_WARN_OBJC_ROOT_CLASS = YES_ERROR;
				CLANG_WARN_QUOTED_INCLUDE_IN_FRAMEWORK_HEADER = YES;
				CLANG_WARN_RANGE_LOOP_ANALYSIS = YES;
				CLANG_WARN_STRICT_PROTOTYPES = YES;
				CLANG_WARN_SUSPICIOUS_MOVE = YES;
				CLANG_WARN_UNGUARDED_AVAILABILITY = YES_AGGRESSIVE;
				CLANG_WARN_UNREACHABLE_CODE = YES;
				CLANG_WARN__DUPLICATE_METHOD_MATCH = YES;
				COPY_PHASE_STRIP = NO;
				DEBUG_INFORMATION_FORMAT = dwarf;
				ENABLE_STRICT_OBJC_MSGSEND = YES;
				ENABLE_TESTABILITY = YES;
				ENABLE_USER_SCRIPT_SANDBOXING = YES;
				GCC_C_LANGUAGE_STANDARD = gnu17;
				GCC_DYNAMIC_NO_PIC = NO;
				GCC_NO_COMMON_BLOCKS = YES;
				GCC_OPTIMIZATION_LEVEL = 0;
				GCC_PREPROCESSOR_DEFINITIONS = (
					"DEBUG=1",
					"$(inherited)",
				);
				GCC_WARN_64_TO_32_BIT_CONVERSION = YES;
				GCC_WARN_ABOUT_RETURN_TYPE = YES_ERROR;
				GCC_WARN_UNDECLARED_SELECTOR = YES;
				GCC_WARN_UNINITIALIZED_AUTOS = YES_AGGRESSIVE;
				GCC_WARN_UNUSED_FUNCTION = YES;
				GCC_WARN_UNUSED_VARIABLE = YES;
				IPHONEOS_DEPLOYMENT_TARGET = 17.0;
				LOCALIZATION_PREFERS_STRING_CATALOGS = YES;
				MTL_ENABLE_DEBUG_INFO = INCLUDE_SOURCE;
				MTL_FAST_MATH = YES;
				ONLY_ACTIVE_ARCH = YES;
				SDKROOT = iphoneos;
				SWIFT_ACTIVE_COMPILATION_CONDITIONS = "DEBUG $(inherited)";
				SWIFT_OPTIMIZATION_LEVEL = "-Onone";
			};
			name = Debug;
		};
		8C5C1F462AE08B8E00E07398 /* Release */ = {
			isa = XCBuildConfiguration;
			buildSettings = {
				ALWAYS_SEARCH_USER_PATHS = NO;
				ASSETCATALOG_COMPILER_GENERATE_SWIFT_ASSET_SYMBOL_EXTENSIONS = YES;
				CLANG_ANALYZER_NONNULL = YES;
				CLANG_ANALYZER_NUMBER_OBJECT_CONVERSION = YES_AGGRESSIVE;
				CLANG_CXX_LANGUAGE_STANDARD = "gnu++20";
				CLANG_ENABLE_MODULES = YES;
				CLANG_ENABLE_OBJC_ARC = YES;
				CLANG_ENABLE_OBJC_WEAK = YES;
				CLANG_WARN_BLOCK_CAPTURE_AUTORELEASING = YES;
				CLANG_WARN_BOOL_CONVERSION = YES;
				CLANG_WARN_COMMA = YES;
				CLANG_WARN_CONSTANT_CONVERSION = YES;
				CLANG_WARN_DEPRECATED_OBJC_IMPLEMENTATIONS = YES;
				CLANG_WARN_DIRECT_OBJC_ISA_USAGE = YES_ERROR;
				CLANG_WARN_DOCUMENTATION_COMMENTS = YES;
				CLANG_WARN_EMPTY_BODY = YES;
				CLANG_WARN_ENUM_CONVERSION = YES;
				CLANG_WARN_INFINITE_RECURSION = YES;
				CLANG_WARN_INT_CONVERSION = YES;
				CLANG_WARN_NON_LITERAL_NULL_CONVERSION = YES;
				CLANG_WARN_OBJC_IMPLICIT_RETAIN_SELF = YES;
				CLANG_WARN_OBJC_LITERAL_CONVERSION = YES;
				CLANG_WARN_OBJC_ROOT_CLASS = YES_ERROR;
				CLANG_WARN_QUOTED_INCLUDE_IN_FRAMEWORK_HEADER = YES;
				CLANG_WARN_RANGE_LOOP_ANALYSIS = YES;
				CLANG_WARN_STRICT_PROTOTYPES = YES;
				CLANG_WARN_SUSPICIOUS_MOVE = YES;
				CLANG_WARN_UNGUARDED_AVAILABILITY = YES_AGGRESSIVE;
				CLANG_WARN_UNREACHABLE_CODE = YES;
				CLANG_WARN__DUPLICATE_METHOD_MATCH = YES;
				COPY_PHASE_STRIP = NO;
				DEBUG_INFORMATION_FORMAT = "dwarf-with-dsym";
				ENABLE_NS_ASSERTIONS = NO;
				ENABLE_STRICT_OBJC_MSGSEND = YES;
				ENABLE_USER_SCRIPT_SANDBOXING = YES;
				GCC_C_LANGUAGE_STANDARD = gnu17;
				GCC_NO_COMMON_BLOCKS = YES;
				GCC_WARN_64_TO_32_BIT_CONVERSION = YES;
				GCC_WARN_ABOUT_RETURN_TYPE = YES_ERROR;
				GCC_WARN_UNDECLARED_SELECTOR = YES;
				GCC_WARN_UNINITIALIZED_AUTOS = YES_AGGRESSIVE;
				GCC_WARN_UNUSED_FUNCTION = YES;
				GCC_WARN_UNUSED_VARIABLE = YES;
				IPHONEOS_DEPLOYMENT_TARGET = 17.0;
				LOCALIZATION_PREFERS_STRING_CATALOGS = YES;
				MTL_ENABLE_DEBUG_INFO = NO;
				MTL_FAST_MATH = YES;
				SDKROOT = iphoneos;
				SWIFT_COMPILATION_MODE = wholemodule;
				VALIDATE_PRODUCT = YES;
			};
			name = Release;
		};
		8C5C1F482AE08B8E00E07398 /* Debug */ = {
			isa = XCBuildConfiguration;
			buildSettings = {
				ASSETCATALOG_COMPILER_APPICON_NAME = AppIcon;
				ASSETCATALOG_COMPILER_GLOBAL_ACCENT_COLOR_NAME = AccentColor;
				CODE_SIGN_STYLE = Automatic;
				CURRENT_PROJECT_VERSION = 1;
				DEVELOPMENT_TEAM = 3ZNMGK53CF;
				GENERATE_INFOPLIST_FILE = YES;
				INFOPLIST_FILE = FirebaseIOS/Info.plist;
				INFOPLIST_KEY_CFBundleDisplayName = Firebase;
				INFOPLIST_KEY_UIApplicationSupportsIndirectInputEvents = YES;
				INFOPLIST_KEY_UILaunchStoryboardName = LaunchScreen;
				INFOPLIST_KEY_UIMainStoryboardFile = Main;
				INFOPLIST_KEY_UISupportedInterfaceOrientations_iPad = "UIInterfaceOrientationPortrait UIInterfaceOrientationPortraitUpsideDown UIInterfaceOrientationLandscapeLeft UIInterfaceOrientationLandscapeRight";
				INFOPLIST_KEY_UISupportedInterfaceOrientations_iPhone = "UIInterfaceOrientationPortrait UIInterfaceOrientationLandscapeLeft UIInterfaceOrientationLandscapeRight";
				LD_RUNPATH_SEARCH_PATHS = (
					"$(inherited)",
					"@executable_path/Frameworks",
				);
				MARKETING_VERSION = 1.0;
				PRODUCT_BUNDLE_IDENTIFIER = com.ricardodev.FirebaseIOS;
				PRODUCT_NAME = "$(TARGET_NAME)";
				SWIFT_EMIT_LOC_STRINGS = YES;
				SWIFT_VERSION = 5.0;
				TARGETED_DEVICE_FAMILY = "1,2";
			};
			name = Debug;
		};
		8C5C1F492AE08B8E00E07398 /* Release */ = {
			isa = XCBuildConfiguration;
			buildSettings = {
				ASSETCATALOG_COMPILER_APPICON_NAME = AppIcon;
				ASSETCATALOG_COMPILER_GLOBAL_ACCENT_COLOR_NAME = AccentColor;
				CODE_SIGN_STYLE = Automatic;
				CURRENT_PROJECT_VERSION = 1;
				DEVELOPMENT_TEAM = 3ZNMGK53CF;
				GENERATE_INFOPLIST_FILE = YES;
				INFOPLIST_FILE = FirebaseIOS/Info.plist;
				INFOPLIST_KEY_CFBundleDisplayName = Firebase;
				INFOPLIST_KEY_UIApplicationSupportsIndirectInputEvents = YES;
				INFOPLIST_KEY_UILaunchStoryboardName = LaunchScreen;
				INFOPLIST_KEY_UIMainStoryboardFile = Main;
				INFOPLIST_KEY_UISupportedInterfaceOrientations_iPad = "UIInterfaceOrientationPortrait UIInterfaceOrientationPortraitUpsideDown UIInterfaceOrientationLandscapeLeft UIInterfaceOrientationLandscapeRight";
				INFOPLIST_KEY_UISupportedInterfaceOrientations_iPhone = "UIInterfaceOrientationPortrait UIInterfaceOrientationLandscapeLeft UIInterfaceOrientationLandscapeRight";
				LD_RUNPATH_SEARCH_PATHS = (
					"$(inherited)",
					"@executable_path/Frameworks",
				);
				MARKETING_VERSION = 1.0;
				PRODUCT_BUNDLE_IDENTIFIER = com.ricardodev.FirebaseIOS;
				PRODUCT_NAME = "$(TARGET_NAME)";
				SWIFT_EMIT_LOC_STRINGS = YES;
				SWIFT_VERSION = 5.0;
				TARGETED_DEVICE_FAMILY = "1,2";
			};
			name = Release;
		};
/* End XCBuildConfiguration section */

/* Begin XCConfigurationList section */
		8C5C1F2E2AE08B8C00E07398 /* Build configuration list for PBXProject "FirebaseIOS" */ = {
			isa = XCConfigurationList;
			buildConfigurations = (
				8C5C1F452AE08B8E00E07398 /* Debug */,
				8C5C1F462AE08B8E00E07398 /* Release */,
			);
			defaultConfigurationIsVisible = 0;
			defaultConfigurationName = Release;
		};
		8C5C1F472AE08B8E00E07398 /* Build configuration list for PBXNativeTarget "FirebaseIOS" */ = {
			isa = XCConfigurationList;
			buildConfigurations = (
				8C5C1F482AE08B8E00E07398 /* Debug */,
				8C5C1F492AE08B8E00E07398 /* Release */,
			);
			defaultConfigurationIsVisible = 0;
			defaultConfigurationName = Release;
		};
/* End XCConfigurationList section */

/* Begin XCRemoteSwiftPackageReference section */
		8C5C1F4C2AE08CDF00E07398 /* XCRemoteSwiftPackageReference "firebase-ios-sdk" */ = {
			isa = XCRemoteSwiftPackageReference;
			repositoryURL = "https://github.com/firebase/firebase-ios-sdk";
			requirement = {
				kind = upToNextMajorVersion;
				minimumVersion = 10.16.0;
			};
		};
/* End XCRemoteSwiftPackageReference section */

/* Begin XCSwiftPackageProductDependency section */
		8C5C1F4D2AE08CDF00E07398 /* FirebaseAnalytics */ = {
			isa = XCSwiftPackageProductDependency;
			package = 8C5C1F4C2AE08CDF00E07398 /* XCRemoteSwiftPackageReference "firebase-ios-sdk" */;
			productName = FirebaseAnalytics;
		};
		8C5C1F512AE09CA100E07398 /* FirebaseAnalytics */ = {
			isa = XCSwiftPackageProductDependency;
			package = 8C5C1F4C2AE08CDF00E07398 /* XCRemoteSwiftPackageReference "firebase-ios-sdk" */;
			productName = FirebaseAnalytics;
		};
		8C5C1F532AE09CA100E07398 /* FirebaseAuth */ = {
			isa = XCSwiftPackageProductDependency;
			package = 8C5C1F4C2AE08CDF00E07398 /* XCRemoteSwiftPackageReference "firebase-ios-sdk" */;
			productName = FirebaseAuth;
		};
		8C5C1F552AE09CA100E07398 /* FirebaseFunctionsCombine-Community */ = {
			isa = XCSwiftPackageProductDependency;
			package = 8C5C1F4C2AE08CDF00E07398 /* XCRemoteSwiftPackageReference "firebase-ios-sdk" */;
			productName = "FirebaseFunctionsCombine-Community";
		};
		8C5C1F572AE09CA100E07398 /* FirebaseInAppMessaging-Beta */ = {
			isa = XCSwiftPackageProductDependency;
			package = 8C5C1F4C2AE08CDF00E07398 /* XCRemoteSwiftPackageReference "firebase-ios-sdk" */;
			productName = "FirebaseInAppMessaging-Beta";
		};
		8C5C1F592AE09CA100E07398 /* FirebaseInAppMessagingSwift-Beta */ = {
			isa = XCSwiftPackageProductDependency;
			package = 8C5C1F4C2AE08CDF00E07398 /* XCRemoteSwiftPackageReference "firebase-ios-sdk" */;
			productName = "FirebaseInAppMessagingSwift-Beta";
		};
		8C5C1F5B2AE09CB300E07398 /* FirebaseAnalytics */ = {
			isa = XCSwiftPackageProductDependency;
			package = 8C5C1F4C2AE08CDF00E07398 /* XCRemoteSwiftPackageReference "firebase-ios-sdk" */;
			productName = FirebaseAnalytics;
		};
		8C5C1F5D2AE09CB300E07398 /* FirebaseAnalyticsOnDeviceConversion */ = {
			isa = XCSwiftPackageProductDependency;
			package = 8C5C1F4C2AE08CDF00E07398 /* XCRemoteSwiftPackageReference "firebase-ios-sdk" */;
			productName = FirebaseAnalyticsOnDeviceConversion;
		};
		8C5C1F5F2AE09CB300E07398 /* FirebaseAnalyticsSwift */ = {
			isa = XCSwiftPackageProductDependency;
			package = 8C5C1F4C2AE08CDF00E07398 /* XCRemoteSwiftPackageReference "firebase-ios-sdk" */;
			productName = FirebaseAnalyticsSwift;
		};
		8C5C1F612AE09CB300E07398 /* FirebaseAnalyticsWithoutAdIdSupport */ = {
			isa = XCSwiftPackageProductDependency;
			package = 8C5C1F4C2AE08CDF00E07398 /* XCRemoteSwiftPackageReference "firebase-ios-sdk" */;
			productName = FirebaseAnalyticsWithoutAdIdSupport;
		};
		8C5C1F632AE09CB300E07398 /* FirebaseAppCheck */ = {
			isa = XCSwiftPackageProductDependency;
			package = 8C5C1F4C2AE08CDF00E07398 /* XCRemoteSwiftPackageReference "firebase-ios-sdk" */;
			productName = FirebaseAppCheck;
		};
		8C5C1F652AE09CB300E07398 /* FirebaseAppDistribution-Beta */ = {
			isa = XCSwiftPackageProductDependency;
			package = 8C5C1F4C2AE08CDF00E07398 /* XCRemoteSwiftPackageReference "firebase-ios-sdk" */;
			productName = "FirebaseAppDistribution-Beta";
		};
		8C5C1F672AE09CB300E07398 /* FirebaseAuth */ = {
			isa = XCSwiftPackageProductDependency;
			package = 8C5C1F4C2AE08CDF00E07398 /* XCRemoteSwiftPackageReference "firebase-ios-sdk" */;
			productName = FirebaseAuth;
		};
		8C5C1F692AE09CB300E07398 /* FirebaseAuthCombine-Community */ = {
			isa = XCSwiftPackageProductDependency;
			package = 8C5C1F4C2AE08CDF00E07398 /* XCRemoteSwiftPackageReference "firebase-ios-sdk" */;
			productName = "FirebaseAuthCombine-Community";
		};
		8C5C1F6B2AE09CB300E07398 /* FirebaseCrashlytics */ = {
			isa = XCSwiftPackageProductDependency;
			package = 8C5C1F4C2AE08CDF00E07398 /* XCRemoteSwiftPackageReference "firebase-ios-sdk" */;
			productName = FirebaseCrashlytics;
		};
		8C5C1F6D2AE09CB300E07398 /* FirebaseDatabase */ = {
			isa = XCSwiftPackageProductDependency;
			package = 8C5C1F4C2AE08CDF00E07398 /* XCRemoteSwiftPackageReference "firebase-ios-sdk" */;
			productName = FirebaseDatabase;
		};
		8C5C1F6F2AE09CB300E07398 /* FirebaseDatabaseSwift */ = {
			isa = XCSwiftPackageProductDependency;
			package = 8C5C1F4C2AE08CDF00E07398 /* XCRemoteSwiftPackageReference "firebase-ios-sdk" */;
			productName = FirebaseDatabaseSwift;
		};
		8C5C1F712AE09CB300E07398 /* FirebaseDynamicLinks */ = {
			isa = XCSwiftPackageProductDependency;
			package = 8C5C1F4C2AE08CDF00E07398 /* XCRemoteSwiftPackageReference "firebase-ios-sdk" */;
			productName = FirebaseDynamicLinks;
		};
		8C5C1F732AE09CB300E07398 /* FirebaseFirestore */ = {
			isa = XCSwiftPackageProductDependency;
			package = 8C5C1F4C2AE08CDF00E07398 /* XCRemoteSwiftPackageReference "firebase-ios-sdk" */;
			productName = FirebaseFirestore;
		};
		8C5C1F752AE09CB300E07398 /* FirebaseFirestoreCombine-Community */ = {
			isa = XCSwiftPackageProductDependency;
			package = 8C5C1F4C2AE08CDF00E07398 /* XCRemoteSwiftPackageReference "firebase-ios-sdk" */;
			productName = "FirebaseFirestoreCombine-Community";
		};
		8C5C1F772AE09CB300E07398 /* FirebaseFirestoreSwift */ = {
			isa = XCSwiftPackageProductDependency;
			package = 8C5C1F4C2AE08CDF00E07398 /* XCRemoteSwiftPackageReference "firebase-ios-sdk" */;
			productName = FirebaseFirestoreSwift;
		};
		8C5C1F792AE09CB300E07398 /* FirebaseFunctions */ = {
			isa = XCSwiftPackageProductDependency;
			package = 8C5C1F4C2AE08CDF00E07398 /* XCRemoteSwiftPackageReference "firebase-ios-sdk" */;
			productName = FirebaseFunctions;
		};
		8C5C1F7B2AE09CB300E07398 /* FirebaseFunctionsCombine-Community */ = {
			isa = XCSwiftPackageProductDependency;
			package = 8C5C1F4C2AE08CDF00E07398 /* XCRemoteSwiftPackageReference "firebase-ios-sdk" */;
			productName = "FirebaseFunctionsCombine-Community";
		};
		8C5C1F7D2AE09CB300E07398 /* FirebaseInAppMessaging-Beta */ = {
			isa = XCSwiftPackageProductDependency;
			package = 8C5C1F4C2AE08CDF00E07398 /* XCRemoteSwiftPackageReference "firebase-ios-sdk" */;
			productName = "FirebaseInAppMessaging-Beta";
		};
		8C5C1F7F2AE09CB300E07398 /* FirebaseInAppMessagingSwift-Beta */ = {
			isa = XCSwiftPackageProductDependency;
			package = 8C5C1F4C2AE08CDF00E07398 /* XCRemoteSwiftPackageReference "firebase-ios-sdk" */;
			productName = "FirebaseInAppMessagingSwift-Beta";
		};
		8C5C1F812AE09CB300E07398 /* FirebaseInstallations */ = {
			isa = XCSwiftPackageProductDependency;
			package = 8C5C1F4C2AE08CDF00E07398 /* XCRemoteSwiftPackageReference "firebase-ios-sdk" */;
			productName = FirebaseInstallations;
		};
		8C5C1F832AE09CB300E07398 /* FirebaseMLModelDownloader */ = {
			isa = XCSwiftPackageProductDependency;
			package = 8C5C1F4C2AE08CDF00E07398 /* XCRemoteSwiftPackageReference "firebase-ios-sdk" */;
			productName = FirebaseMLModelDownloader;
		};
		8C5C1F852AE09CB300E07398 /* FirebaseMessaging */ = {
			isa = XCSwiftPackageProductDependency;
			package = 8C5C1F4C2AE08CDF00E07398 /* XCRemoteSwiftPackageReference "firebase-ios-sdk" */;
			productName = FirebaseMessaging;
		};
		8C5C1F872AE09CB300E07398 /* FirebasePerformance */ = {
			isa = XCSwiftPackageProductDependency;
			package = 8C5C1F4C2AE08CDF00E07398 /* XCRemoteSwiftPackageReference "firebase-ios-sdk" */;
			productName = FirebasePerformance;
		};
		8C5C1F892AE09CB300E07398 /* FirebaseRemoteConfig */ = {
			isa = XCSwiftPackageProductDependency;
			package = 8C5C1F4C2AE08CDF00E07398 /* XCRemoteSwiftPackageReference "firebase-ios-sdk" */;
			productName = FirebaseRemoteConfig;
		};
		8C5C1F8B2AE09CB300E07398 /* FirebaseRemoteConfigSwift */ = {
			isa = XCSwiftPackageProductDependency;
			package = 8C5C1F4C2AE08CDF00E07398 /* XCRemoteSwiftPackageReference "firebase-ios-sdk" */;
			productName = FirebaseRemoteConfigSwift;
		};
		8C5C1F8D2AE09CB300E07398 /* FirebaseStorage */ = {
			isa = XCSwiftPackageProductDependency;
			package = 8C5C1F4C2AE08CDF00E07398 /* XCRemoteSwiftPackageReference "firebase-ios-sdk" */;
			productName = FirebaseStorage;
		};
		8C5C1F8F2AE09CB300E07398 /* FirebaseStorageCombine-Community */ = {
			isa = XCSwiftPackageProductDependency;
			package = 8C5C1F4C2AE08CDF00E07398 /* XCRemoteSwiftPackageReference "firebase-ios-sdk" */;
			productName = "FirebaseStorageCombine-Community";
		};
/* End XCSwiftPackageProductDependency section */
	};
	rootObject = 8C5C1F2B2AE08B8C00E07398 /* Project object */;
}
